
Microsoft Visual Studio Solution File, Format Version 12.00
# Visual Studio 15
VisualStudioVersion = 15.0.28010.2048
MinimumVisualStudioVersion = 10.0.40219.1
Project("{FAE04EC0-301F-11D3-BF4B-00C04F79EFBC}") = "NightLight.Android", "NightLight\NightLight.Android\NightLight.Android.csproj", "{DB21652B-FDD8-4582-BBF7-722BF6D99556}"
EndProject
Project("{9A19103F-16F7-4668-BE54-9A1E7A4F7556}") = "NightLight", "NightLight\NightLight\NightLight.csproj", "{56FBF3F4-E9A4-4AD7-BCB0-B313FFC98AAA}"
EndProject
Project("{FAE04EC0-301F-11D3-BF4B-00C04F79EFBC}") = "NightLight.Tests", "NightLight.Tests\NightLight.Tests.csproj", "{967592C6-C71F-4FEC-8520-58A63E65F90B}"
EndProject
Global
	GlobalSection(SolutionConfigurationPlatforms) = preSolution
		Debug|Any CPU = Debug|Any CPU
		Release|Any CPU = Release|Any CPU
	EndGlobalSection
	GlobalSection(ProjectConfigurationPlatforms) = postSolution
		{DB21652B-FDD8-4582-BBF7-722BF6D99556}.Debug|Any CPU.ActiveCfg = Debug|Any CPU
		{DB21652B-FDD8-4582-BBF7-722BF6D99556}.Debug|Any CPU.Build.0 = Debug|Any CPU
		{DB21652B-FDD8-4582-BBF7-722BF6D99556}.Debug|Any CPU.Deploy.0 = Debug|Any CPU
		{DB21652B-FDD8-4582-BBF7-722BF6D99556}.Release|Any CPU.ActiveCfg = Release|Any CPU
		{DB21652B-FDD8-4582-BBF7-722BF6D99556}.Release|Any CPU.Build.0 = Release|Any CPU
		{DB21652B-FDD8-4582-BBF7-722BF6D99556}.Release|Any CPU.Deploy.0 = Release|Any CPU
		{56FBF3F4-E9A4-4AD7-BCB0-B313FFC98AAA}.Debug|Any CPU.ActiveCfg = Debug|Any CPU
		{56FBF3F4-E9A4-4AD7-BCB0-B313FFC98AAA}.Debug|Any CPU.Build.0 = Debug|Any CPU
		{56FBF3F4-E9A4-4AD7-BCB0-B313FFC98AAA}.Release|Any CPU.ActiveCfg = Release|Any CPU
		{56FBF3F4-E9A4-4AD7-BCB0-B313FFC98AAA}.Release|Any CPU.Build.0 = Release|Any CPU
		{967592C6-C71F-4FEC-8520-58A63E65F90B}.Debug|Any CPU.ActiveCfg = Debug|Any CPU
		{967592C6-C71F-4FEC-8520-58A63E65F90B}.Debug|Any CPU.Build.0 = Debug|Any CPU
		{967592C6-C71F-4FEC-8520-58A63E65F90B}.Release|Any CPU.ActiveCfg = Release|Any CPU
		{967592C6-C71F-4FEC-8520-58A63E65F90B}.Release|Any CPU.Build.0 = Release|Any CPU
	EndGlobalSection
	GlobalSection(SolutionProperties) = preSolution
		HideSolutionNode = FALSE
	EndGlobalSection
	GlobalSection(ExtensibilityGlobals) = postSolution
		SolutionGuid = {99DE5E07-DB93-4291-9483-9F7E90BFCC08}
	EndGlobalSection
EndGlobal
